
Microsoft Visual Studio Solution File, Format Version 12.00
# Visual Studio 15
VisualStudioVersion = 15.0.28307.168
MinimumVisualStudioVersion = 10.0.40219.1
Project("{FAE04EC0-301F-11D3-BF4B-00C04F79EFBC}") = "Graduate Test Brief", "Graduate Test Brief\Graduate Test Brief.csproj", "{3A1799C5-C99C-44F3-9EB8-020B0B743F9C}"
EndProject
Global
	GlobalSection(SolutionConfigurationPlatforms) = preSolution
		Debug|Any CPU = Debug|Any CPU
		Release|Any CPU = Release|Any CPU
	EndGlobalSection
	GlobalSection(ProjectConfigurationPlatforms) = postSolution
		{3A1799C5-C99C-44F3-9EB8-020B0B743F9C}.Debug|Any CPU.ActiveCfg = Debug|Any CPU
		{3A1799C5-C99C-44F3-9EB8-020B0B743F9C}.Debug|Any CPU.Build.0 = Debug|Any CPU
		{3A1799C5-C99C-44F3-9EB8-020B0B743F9C}.Release|Any CPU.ActiveCfg = Release|Any CPU
		{3A1799C5-C99C-44F3-9EB8-020B0B743F9C}.Release|Any CPU.Build.0 = Release|Any CPU
	EndGlobalSection
	GlobalSection(SolutionProperties) = preSolution
		HideSolutionNode = FALSE
	EndGlobalSection
	GlobalSection(ExtensibilityGlobals) = postSolution
		SolutionGuid = {176B075D-7FAA-4A94-9704-F0C099FF07D7}
	EndGlobalSection
EndGlobal
